{
    "_readme": [
        "This file locks the dependencies of your project to a known state",
        "Read more about it at http://getcomposer.org/doc/01-basic-usage.md#composer-lock-the-lock-file",
        "This file is @generated automatically"
    ],
    "hash": "dc719cbdeb1eafa8294db686c4fb81be",
    "packages": [
        {
            "name": "oat-sa/jig",
            "version": "dev-master",
            "source": {
                "type": "git",
                "url": "https://github.com/oat-sa/jig.git",
                "reference": "d173fbcfedd86bb1e12f9e43819cb1e6589df877"
            },
            "dist": {
                "type": "zip",
                "url": "https://api.github.com/repos/oat-sa/jig/zipball/d173fbcfedd86bb1e12f9e43819cb1e6589df877",
                "reference": "d173fbcfedd86bb1e12f9e43819cb1e6589df877",
                "shasum": ""
            },
            "require": {
                "php": ">=5.3.0"
            },
            "type": "library",
            "autoload": {
                "psr-4": {
                    "Jig\\": ""
                }
            },
            "notification-url": "https://packagist.org/downloads/",
            "license": [
                "MIT"
            ],
            "authors": [
                {
                    "name": "Dieter Raber",
                    "email": "me@dieterraber.net"
                }
            ],
            "description": "Jig PHP Utilities",
            "time": "2014-10-28 15:44:50"
        },
        {
            "name": "symfony/yaml",
            "version": "dev-master",
            "target-dir": "Symfony/Component/Yaml",
            "source": {
                "type": "git",
                "url": "https://github.com/symfony/Yaml.git",
                "reference": "9da3813f36985a4089f7e83c601a1034d125ff69"
            },
            "dist": {
                "type": "zip",
                "url": "https://api.github.com/repos/symfony/Yaml/zipball/9da3813f36985a4089f7e83c601a1034d125ff69",
                "reference": "9da3813f36985a4089f7e83c601a1034d125ff69",
                "shasum": ""
            },
            "require": {
                "php": ">=5.3.3"
            },
            "type": "library",
            "extra": {
                "branch-alias": {
                    "dev-master": "2.6-dev"
                }
            },
            "autoload": {
                "psr-0": {
                    "Symfony\\Component\\Yaml\\": ""
                }
            },
            "notification-url": "https://packagist.org/downloads/",
            "license": [
                "MIT"
            ],
            "authors": [
                {
                    "name": "Symfony Community",
                    "homepage": "http://symfony.com/contributors"
                },
                {
                    "name": "Fabien Potencier",
                    "email": "fabien@symfony.com"
                }
            ],
            "description": "Symfony Yaml Component",
            "homepage": "http://symfony.com",
            "time": "2014-11-03 03:55:50"
        }
    ],
    "packages-dev": [],
    "aliases": [],
    "minimum-stability": "stable",
    "stability-flags": {
        "oat-sa/jig": 20,
        "symfony/yaml": 20
    },
    "prefer-stable": false,
    "platform": [],
    "platform-dev": []
}
